// !$*UTF8*$!
{
	archiveVersion = 1;
	classes = {
	};
	objectVersion = 50;
	objects = {

/* Begin PBXBuildFile section */
		E236B43F2301316C00F7EBF1 /* UniqueBinarySearchTrees2.cpp in Sources */ = {isa = PBXBuildFile; fileRef = E236B43D2301316C00F7EBF1 /* UniqueBinarySearchTrees2.cpp */; };
		E236B4422301373500F7EBF1 /* KthSymbolInGrammar.cpp in Sources */ = {isa = PBXBuildFile; fileRef = E236B4402301373500F7EBF1 /* KthSymbolInGrammar.cpp */; };
		E236B445230139CE00F7EBF1 /* MergeOverlappingIntervals.cpp in Sources */ = {isa = PBXBuildFile; fileRef = E236B443230139CE00F7EBF1 /* MergeOverlappingIntervals.cpp */; };
		E236B44923013FE700F7EBF1 /* GridUniquePaths.cpp in Sources */ = {isa = PBXBuildFile; fileRef = E236B44723013FE700F7EBF1 /* GridUniquePaths.cpp */; };
		E236B44D2303F0D100F7EBF1 /* SortAnArray.cpp in Sources */ = {isa = PBXBuildFile; fileRef = E236B44B2303F0D100F7EBF1 /* SortAnArray.cpp */; };
		E236B4502303FAEC00F7EBF1 /* SpiralOrderMatrixI.cpp in Sources */ = {isa = PBXBuildFile; fileRef = E236B44E2303FAEC00F7EBF1 /* SpiralOrderMatrixI.cpp */; };
		E236B4532303FBEE00F7EBF1 /* SpiralOrderMatrixII.cpp in Sources */ = {isa = PBXBuildFile; fileRef = E236B4512303FBEE00F7EBF1 /* SpiralOrderMatrixII.cpp */; };
		E2442B0922EC329B0087C72F /* main.cpp in Sources */ = {isa = PBXBuildFile; fileRef = E2442B0822EC329B0087C72F /* main.cpp */; };
		E2442B1322EC348F0087C72F /* ReverseString.cpp in Sources */ = {isa = PBXBuildFile; fileRef = E2442B1122EC348F0087C72F /* ReverseString.cpp */; };
		E2442B1822EC40E00087C72F /* SwapPairs.cpp in Sources */ = {isa = PBXBuildFile; fileRef = E2442B1622EC40E00087C72F /* SwapPairs.cpp */; };
		E24B974222EC465500F04627 /* RepeatedNumber.cpp in Sources */ = {isa = PBXBuildFile; fileRef = E24B974022EC465500F04627 /* RepeatedNumber.cpp */; };
		E24B974522EC4B2B00F04627 /* MaxSubArray.cpp in Sources */ = {isa = PBXBuildFile; fileRef = E24B974322EC4B2B00F04627 /* MaxSubArray.cpp */; };
		E253EA3C230A7C5C007DFBE1 /* MergeIntervals.cpp in Sources */ = {isa = PBXBuildFile; fileRef = E253EA3A230A7C5C007DFBE1 /* MergeIntervals.cpp */; };
		E26BB0E722F81E6800CD19FB /* PascalsTriangle2.cpp in Sources */ = {isa = PBXBuildFile; fileRef = E26BB0E522F81E6800CD19FB /* PascalsTriangle2.cpp */; };
		E26BB0EA22F8258B00CD19FB /* ReverseLinkedList.cpp in Sources */ = {isa = PBXBuildFile; fileRef = E26BB0E822F8258B00CD19FB /* ReverseLinkedList.cpp */; };
		E26BB0EE22F829FD00CD19FB /* FizzBuzz.cpp in Sources */ = {isa = PBXBuildFile; fileRef = E26BB0EC22F829FD00CD19FB /* FizzBuzz.cpp */; };
		E26BB0F122F82B7A00CD19FB /* PalindromeInteger.cpp in Sources */ = {isa = PBXBuildFile; fileRef = E26BB0EF22F82B7A00CD19FB /* PalindromeInteger.cpp */; };
		E26BB0F422F9B0B700CD19FB /* FibonacciNumber.cpp in Sources */ = {isa = PBXBuildFile; fileRef = E26BB0F222F9B0B700CD19FB /* FibonacciNumber.cpp */; };
		E26BB0F722F9B36100CD19FB /* ClimbingStairs.cpp in Sources */ = {isa = PBXBuildFile; fileRef = E26BB0F522F9B36100CD19FB /* ClimbingStairs.cpp */; };
		E26BB0FA22F9B54300CD19FB /* MaximumDepthOfBinaryTree.cpp in Sources */ = {isa = PBXBuildFile; fileRef = E26BB0F822F9B54300CD19FB /* MaximumDepthOfBinaryTree.cpp */; };
		E26BB0FE22F9B97600CD19FB /* MAXSPPROD.cpp in Sources */ = {isa = PBXBuildFile; fileRef = E26BB0FC22F9B97600CD19FB /* MAXSPPROD.cpp */; };
		E26BB10122F9C2BB00CD19FB /* RearrangeArray.cpp in Sources */ = {isa = PBXBuildFile; fileRef = E26BB0FF22F9C2BB00CD19FB /* RearrangeArray.cpp */; };
		E26BB10422FB76B500CD19FB /* ReverseInteger.cpp in Sources */ = {isa = PBXBuildFile; fileRef = E26BB10222FB76B500CD19FB /* ReverseInteger.cpp */; };
		E26BB10722FB78C700CD19FB /* PascalTriangle.cpp in Sources */ = {isa = PBXBuildFile; fileRef = E26BB10522FB78C700CD19FB /* PascalTriangle.cpp */; };
		E26BB10A22FB7D8900CD19FB /* Pow.cpp in Sources */ = {isa = PBXBuildFile; fileRef = E26BB10822FB7D8900CD19FB /* Pow.cpp */; };
		E26BB10D22FB801F00CD19FB /* MergeTwoSortedLists.cpp in Sources */ = {isa = PBXBuildFile; fileRef = E26BB10B22FB801F00CD19FB /* MergeTwoSortedLists.cpp */; };
/* End PBXBuildFile section */

/* Begin PBXCopyFilesBuildPhase section */
		E2442B0322EC329B0087C72F /* CopyFiles */ = {
			isa = PBXCopyFilesBuildPhase;
			buildActionMask = 2147483647;
			dstPath = /usr/share/man/man1/;
			dstSubfolderSpec = 0;
			files = (
			);
			runOnlyForDeploymentPostprocessing = 1;
		};
/* End PBXCopyFilesBuildPhase section */

/* Begin PBXFileReference section */
		E236B43D2301316C00F7EBF1 /* UniqueBinarySearchTrees2.cpp */ = {isa = PBXFileReference; lastKnownFileType = sourcecode.cpp.cpp; path = UniqueBinarySearchTrees2.cpp; sourceTree = "<group>"; };
		E236B43E2301316C00F7EBF1 /* UniqueBinarySearchTrees2.hpp */ = {isa = PBXFileReference; lastKnownFileType = sourcecode.cpp.h; path = UniqueBinarySearchTrees2.hpp; sourceTree = "<group>"; };
		E236B4402301373500F7EBF1 /* KthSymbolInGrammar.cpp */ = {isa = PBXFileReference; lastKnownFileType = sourcecode.cpp.cpp; path = KthSymbolInGrammar.cpp; sourceTree = "<group>"; };
		E236B4412301373500F7EBF1 /* KthSymbolInGrammar.hpp */ = {isa = PBXFileReference; lastKnownFileType = sourcecode.cpp.h; path = KthSymbolInGrammar.hpp; sourceTree = "<group>"; };
		E236B443230139CE00F7EBF1 /* MergeOverlappingIntervals.cpp */ = {isa = PBXFileReference; lastKnownFileType = sourcecode.cpp.cpp; path = MergeOverlappingIntervals.cpp; sourceTree = "<group>"; };
		E236B444230139CE00F7EBF1 /* MergeOverlappingIntervals.hpp */ = {isa = PBXFileReference; lastKnownFileType = sourcecode.cpp.h; path = MergeOverlappingIntervals.hpp; sourceTree = "<group>"; };
		E236B44623013A0000F7EBF1 /* Interval.h */ = {isa = PBXFileReference; lastKnownFileType = sourcecode.c.h; path = Interval.h; sourceTree = "<group>"; };
		E236B44723013FE700F7EBF1 /* GridUniquePaths.cpp */ = {isa = PBXFileReference; lastKnownFileType = sourcecode.cpp.cpp; path = GridUniquePaths.cpp; sourceTree = "<group>"; };
		E236B44823013FE700F7EBF1 /* GridUniquePaths.hpp */ = {isa = PBXFileReference; lastKnownFileType = sourcecode.cpp.h; path = GridUniquePaths.hpp; sourceTree = "<group>"; };
		E236B44B2303F0D100F7EBF1 /* SortAnArray.cpp */ = {isa = PBXFileReference; lastKnownFileType = sourcecode.cpp.cpp; path = SortAnArray.cpp; sourceTree = "<group>"; };
		E236B44C2303F0D100F7EBF1 /* SortAnArray.hpp */ = {isa = PBXFileReference; lastKnownFileType = sourcecode.cpp.h; path = SortAnArray.hpp; sourceTree = "<group>"; };
		E236B44E2303FAEC00F7EBF1 /* SpiralOrderMatrixI.cpp */ = {isa = PBXFileReference; lastKnownFileType = sourcecode.cpp.cpp; path = SpiralOrderMatrixI.cpp; sourceTree = "<group>"; };
		E236B44F2303FAEC00F7EBF1 /* SpiralOrderMatrixI.hpp */ = {isa = PBXFileReference; lastKnownFileType = sourcecode.cpp.h; path = SpiralOrderMatrixI.hpp; sourceTree = "<group>"; };
		E236B4512303FBEE00F7EBF1 /* SpiralOrderMatrixII.cpp */ = {isa = PBXFileReference; lastKnownFileType = sourcecode.cpp.cpp; path = SpiralOrderMatrixII.cpp; sourceTree = "<group>"; };
		E236B4522303FBEE00F7EBF1 /* SpiralOrderMatrixII.hpp */ = {isa = PBXFileReference; lastKnownFileType = sourcecode.cpp.h; path = SpiralOrderMatrixII.hpp; sourceTree = "<group>"; };
		E2442B0522EC329B0087C72F /* Practiсe */ = {isa = PBXFileReference; explicitFileType = "compiled.mach-o.executable"; includeInIndex = 0; path = "Practiсe"; sourceTree = BUILT_PRODUCTS_DIR; };
		E2442B0822EC329B0087C72F /* main.cpp */ = {isa = PBXFileReference; lastKnownFileType = sourcecode.cpp.cpp; path = main.cpp; sourceTree = "<group>"; };
		E2442B1122EC348F0087C72F /* ReverseString.cpp */ = {isa = PBXFileReference; lastKnownFileType = sourcecode.cpp.cpp; path = ReverseString.cpp; sourceTree = "<group>"; };
		E2442B1222EC348F0087C72F /* ReverseString.hpp */ = {isa = PBXFileReference; lastKnownFileType = sourcecode.cpp.h; path = ReverseString.hpp; sourceTree = "<group>"; };
		E2442B1522EC37F20087C72F /* speedup.h */ = {isa = PBXFileReference; lastKnownFileType = sourcecode.c.h; path = speedup.h; sourceTree = "<group>"; };
		E2442B1622EC40E00087C72F /* SwapPairs.cpp */ = {isa = PBXFileReference; lastKnownFileType = sourcecode.cpp.cpp; path = SwapPairs.cpp; sourceTree = "<group>"; };
		E2442B1722EC40E00087C72F /* SwapPairs.hpp */ = {isa = PBXFileReference; lastKnownFileType = sourcecode.cpp.h; path = SwapPairs.hpp; sourceTree = "<group>"; };
		E2442B1922EC41140087C72F /* ListNode.h */ = {isa = PBXFileReference; lastKnownFileType = sourcecode.c.h; path = ListNode.h; sourceTree = "<group>"; };
		E24B974022EC465500F04627 /* RepeatedNumber.cpp */ = {isa = PBXFileReference; lastKnownFileType = sourcecode.cpp.cpp; path = RepeatedNumber.cpp; sourceTree = "<group>"; };
		E24B974122EC465500F04627 /* RepeatedNumber.hpp */ = {isa = PBXFileReference; lastKnownFileType = sourcecode.cpp.h; path = RepeatedNumber.hpp; sourceTree = "<group>"; };
		E24B974322EC4B2B00F04627 /* MaxSubArray.cpp */ = {isa = PBXFileReference; lastKnownFileType = sourcecode.cpp.cpp; path = MaxSubArray.cpp; sourceTree = "<group>"; };
		E24B974422EC4B2B00F04627 /* MaxSubArray.hpp */ = {isa = PBXFileReference; lastKnownFileType = sourcecode.cpp.h; path = MaxSubArray.hpp; sourceTree = "<group>"; };
		E253EA3A230A7C5C007DFBE1 /* MergeIntervals.cpp */ = {isa = PBXFileReference; lastKnownFileType = sourcecode.cpp.cpp; path = MergeIntervals.cpp; sourceTree = "<group>"; };
		E253EA3B230A7C5C007DFBE1 /* MergeIntervals.hpp */ = {isa = PBXFileReference; lastKnownFileType = sourcecode.cpp.h; path = MergeIntervals.hpp; sourceTree = "<group>"; };
		E26BB0E522F81E6800CD19FB /* PascalsTriangle2.cpp */ = {isa = PBXFileReference; lastKnownFileType = sourcecode.cpp.cpp; path = PascalsTriangle2.cpp; sourceTree = "<group>"; };
		E26BB0E622F81E6800CD19FB /* PascalsTriangle2.hpp */ = {isa = PBXFileReference; lastKnownFileType = sourcecode.cpp.h; path = PascalsTriangle2.hpp; sourceTree = "<group>"; };
		E26BB0E822F8258B00CD19FB /* ReverseLinkedList.cpp */ = {isa = PBXFileReference; lastKnownFileType = sourcecode.cpp.cpp; path = ReverseLinkedList.cpp; sourceTree = "<group>"; };
		E26BB0E922F8258B00CD19FB /* ReverseLinkedList.hpp */ = {isa = PBXFileReference; lastKnownFileType = sourcecode.cpp.h; path = ReverseLinkedList.hpp; sourceTree = "<group>"; };
		E26BB0EC22F829FD00CD19FB /* FizzBuzz.cpp */ = {isa = PBXFileReference; lastKnownFileType = sourcecode.cpp.cpp; path = FizzBuzz.cpp; sourceTree = "<group>"; };
		E26BB0ED22F829FD00CD19FB /* FizzBuzz.hpp */ = {isa = PBXFileReference; lastKnownFileType = sourcecode.cpp.h; path = FizzBuzz.hpp; sourceTree = "<group>"; };
		E26BB0EF22F82B7A00CD19FB /* PalindromeInteger.cpp */ = {isa = PBXFileReference; lastKnownFileType = sourcecode.cpp.cpp; path = PalindromeInteger.cpp; sourceTree = "<group>"; };
		E26BB0F022F82B7A00CD19FB /* PalindromeInteger.hpp */ = {isa = PBXFileReference; lastKnownFileType = sourcecode.cpp.h; path = PalindromeInteger.hpp; sourceTree = "<group>"; };
		E26BB0F222F9B0B700CD19FB /* FibonacciNumber.cpp */ = {isa = PBXFileReference; lastKnownFileType = sourcecode.cpp.cpp; path = FibonacciNumber.cpp; sourceTree = "<group>"; };
		E26BB0F322F9B0B700CD19FB /* FibonacciNumber.hpp */ = {isa = PBXFileReference; lastKnownFileType = sourcecode.cpp.h; path = FibonacciNumber.hpp; sourceTree = "<group>"; };
		E26BB0F522F9B36100CD19FB /* ClimbingStairs.cpp */ = {isa = PBXFileReference; lastKnownFileType = sourcecode.cpp.cpp; path = ClimbingStairs.cpp; sourceTree = "<group>"; };
		E26BB0F622F9B36100CD19FB /* ClimbingStairs.hpp */ = {isa = PBXFileReference; lastKnownFileType = sourcecode.cpp.h; path = ClimbingStairs.hpp; sourceTree = "<group>"; };
		E26BB0F822F9B54300CD19FB /* MaximumDepthOfBinaryTree.cpp */ = {isa = PBXFileReference; lastKnownFileType = sourcecode.cpp.cpp; path = MaximumDepthOfBinaryTree.cpp; sourceTree = "<group>"; };
		E26BB0F922F9B54300CD19FB /* MaximumDepthOfBinaryTree.hpp */ = {isa = PBXFileReference; lastKnownFileType = sourcecode.cpp.h; path = MaximumDepthOfBinaryTree.hpp; sourceTree = "<group>"; };
		E26BB0FB22F9B56E00CD19FB /* TreeNode.h */ = {isa = PBXFileReference; lastKnownFileType = sourcecode.c.h; path = TreeNode.h; sourceTree = "<group>"; };
		E26BB0FC22F9B97600CD19FB /* MAXSPPROD.cpp */ = {isa = PBXFileReference; lastKnownFileType = sourcecode.cpp.cpp; path = MAXSPPROD.cpp; sourceTree = "<group>"; };
		E26BB0FD22F9B97600CD19FB /* MAXSPPROD.hpp */ = {isa = PBXFileReference; lastKnownFileType = sourcecode.cpp.h; path = MAXSPPROD.hpp; sourceTree = "<group>"; };
		E26BB0FF22F9C2BB00CD19FB /* RearrangeArray.cpp */ = {isa = PBXFileReference; lastKnownFileType = sourcecode.cpp.cpp; path = RearrangeArray.cpp; sourceTree = "<group>"; };
		E26BB10022F9C2BB00CD19FB /* RearrangeArray.hpp */ = {isa = PBXFileReference; lastKnownFileType = sourcecode.cpp.h; path = RearrangeArray.hpp; sourceTree = "<group>"; };
		E26BB10222FB76B500CD19FB /* ReverseInteger.cpp */ = {isa = PBXFileReference; lastKnownFileType = sourcecode.cpp.cpp; path = ReverseInteger.cpp; sourceTree = "<group>"; };
		E26BB10322FB76B500CD19FB /* ReverseInteger.hpp */ = {isa = PBXFileReference; lastKnownFileType = sourcecode.cpp.h; path = ReverseInteger.hpp; sourceTree = "<group>"; };
		E26BB10522FB78C700CD19FB /* PascalTriangle.cpp */ = {isa = PBXFileReference; lastKnownFileType = sourcecode.cpp.cpp; path = PascalTriangle.cpp; sourceTree = "<group>"; };
		E26BB10622FB78C700CD19FB /* PascalTriangle.hpp */ = {isa = PBXFileReference; lastKnownFileType = sourcecode.cpp.h; path = PascalTriangle.hpp; sourceTree = "<group>"; };
		E26BB10822FB7D8900CD19FB /* Pow.cpp */ = {isa = PBXFileReference; lastKnownFileType = sourcecode.cpp.cpp; path = Pow.cpp; sourceTree = "<group>"; };
		E26BB10922FB7D8900CD19FB /* Pow.hpp */ = {isa = PBXFileReference; lastKnownFileType = sourcecode.cpp.h; path = Pow.hpp; sourceTree = "<group>"; };
		E26BB10B22FB801F00CD19FB /* MergeTwoSortedLists.cpp */ = {isa = PBXFileReference; lastKnownFileType = sourcecode.cpp.cpp; path = MergeTwoSortedLists.cpp; sourceTree = "<group>"; };
		E26BB10C22FB801F00CD19FB /* MergeTwoSortedLists.hpp */ = {isa = PBXFileReference; lastKnownFileType = sourcecode.cpp.h; path = MergeTwoSortedLists.hpp; sourceTree = "<group>"; };
/* End PBXFileReference section */

/* Begin PBXFrameworksBuildPhase section */
		E2442B0222EC329B0087C72F /* Frameworks */ = {
			isa = PBXFrameworksBuildPhase;
			buildActionMask = 2147483647;
			files = (
			);
			runOnlyForDeploymentPostprocessing = 0;
		};
/* End PBXFrameworksBuildPhase section */

/* Begin PBXGroup section */
		E236B44A2303F0B500F7EBF1 /* Recursion 2 */ = {
			isa = PBXGroup;
			children = (
				E236B44B2303F0D100F7EBF1 /* SortAnArray.cpp */,
				E236B44C2303F0D100F7EBF1 /* SortAnArray.hpp */,
			);
			path = "Recursion 2";
			sourceTree = "<group>";
		};
		E2442AFC22EC329B0087C72F = {
			isa = PBXGroup;
			children = (
				E2442B0722EC329B0087C72F /* Practiсe */,
				E2442B0622EC329B0087C72F /* Products */,
			);
			sourceTree = "<group>";
		};
		E2442B0622EC329B0087C72F /* Products */ = {
			isa = PBXGroup;
			children = (
				E2442B0522EC329B0087C72F /* Practiсe */,
			);
			name = Products;
			sourceTree = "<group>";
		};
		E2442B0722EC329B0087C72F /* Practiсe */ = {
			isa = PBXGroup;
			children = (
				E2442B1422EC37DA0087C72F /* common */,
				E2442B1022EC344B0087C72F /* leetcode */,
				E2442B0F22EC343D0087C72F /* interviewbit */,
				E2442B0822EC329B0087C72F /* main.cpp */,
			);
			path = "Practiсe";
			sourceTree = "<group>";
		};
		E2442B0F22EC343D0087C72F /* interviewbit */ = {
			isa = PBXGroup;
			children = (
				E26BB0EB22F829D400CD19FB /* Math */,
				E24B973F22EC463D00F04627 /* Arrays */,
			);
			path = interviewbit;
			sourceTree = "<group>";
		};
		E2442B1022EC344B0087C72F /* leetcode */ = {
			isa = PBXGroup;
			children = (
				E236B44A2303F0B500F7EBF1 /* Recursion 2 */,
				E26BB0E422F81E1500CD19FB /* Recursion 1 */,
			);
			path = leetcode;
			sourceTree = "<group>";
		};
		E2442B1422EC37DA0087C72F /* common */ = {
			isa = PBXGroup;
			children = (
				E2442B1522EC37F20087C72F /* speedup.h */,
				E2442B1922EC41140087C72F /* ListNode.h */,
				E26BB0FB22F9B56E00CD19FB /* TreeNode.h */,
				E236B44623013A0000F7EBF1 /* Interval.h */,
			);
			path = common;
			sourceTree = "<group>";
		};
		E24B973F22EC463D00F04627 /* Arrays */ = {
			isa = PBXGroup;
			children = (
				E24B974022EC465500F04627 /* RepeatedNumber.cpp */,
				E24B974122EC465500F04627 /* RepeatedNumber.hpp */,
				E24B974322EC4B2B00F04627 /* MaxSubArray.cpp */,
				E24B974422EC4B2B00F04627 /* MaxSubArray.hpp */,
				E26BB0FC22F9B97600CD19FB /* MAXSPPROD.cpp */,
				E26BB0FD22F9B97600CD19FB /* MAXSPPROD.hpp */,
				E26BB10522FB78C700CD19FB /* PascalTriangle.cpp */,
				E26BB10622FB78C700CD19FB /* PascalTriangle.hpp */,
				E236B443230139CE00F7EBF1 /* MergeOverlappingIntervals.cpp */,
				E236B444230139CE00F7EBF1 /* MergeOverlappingIntervals.hpp */,
				E236B44E2303FAEC00F7EBF1 /* SpiralOrderMatrixI.cpp */,
				E236B44F2303FAEC00F7EBF1 /* SpiralOrderMatrixI.hpp */,
				E236B4512303FBEE00F7EBF1 /* SpiralOrderMatrixII.cpp */,
				E236B4522303FBEE00F7EBF1 /* SpiralOrderMatrixII.hpp */,
				E253EA3A230A7C5C007DFBE1 /* MergeIntervals.cpp */,
				E253EA3B230A7C5C007DFBE1 /* MergeIntervals.hpp */,
			);
			path = Arrays;
			sourceTree = "<group>";
		};
		E26BB0E422F81E1500CD19FB /* Recursion 1 */ = {
			isa = PBXGroup;
			children = (
				E2442B1122EC348F0087C72F /* ReverseString.cpp */,
				E2442B1222EC348F0087C72F /* ReverseString.hpp */,
				E2442B1622EC40E00087C72F /* SwapPairs.cpp */,
				E2442B1722EC40E00087C72F /* SwapPairs.hpp */,
				E26BB0E522F81E6800CD19FB /* PascalsTriangle2.cpp */,
				E26BB0E622F81E6800CD19FB /* PascalsTriangle2.hpp */,
				E26BB0E822F8258B00CD19FB /* ReverseLinkedList.cpp */,
				E26BB0E922F8258B00CD19FB /* ReverseLinkedList.hpp */,
				E26BB0F222F9B0B700CD19FB /* FibonacciNumber.cpp */,
				E26BB0F322F9B0B700CD19FB /* FibonacciNumber.hpp */,
				E26BB0F522F9B36100CD19FB /* ClimbingStairs.cpp */,
				E26BB0F622F9B36100CD19FB /* ClimbingStairs.hpp */,
				E26BB0F822F9B54300CD19FB /* MaximumDepthOfBinaryTree.cpp */,
				E26BB0F922F9B54300CD19FB /* MaximumDepthOfBinaryTree.hpp */,
				E26BB10822FB7D8900CD19FB /* Pow.cpp */,
				E26BB10922FB7D8900CD19FB /* Pow.hpp */,
				E26BB10B22FB801F00CD19FB /* MergeTwoSortedLists.cpp */,
				E26BB10C22FB801F00CD19FB /* MergeTwoSortedLists.hpp */,
				E236B43D2301316C00F7EBF1 /* UniqueBinarySearchTrees2.cpp */,
				E236B43E2301316C00F7EBF1 /* UniqueBinarySearchTrees2.hpp */,
				E236B4402301373500F7EBF1 /* KthSymbolInGrammar.cpp */,
				E236B4412301373500F7EBF1 /* KthSymbolInGrammar.hpp */,
			);
			path = "Recursion 1";
			sourceTree = "<group>";
		};
		E26BB0EB22F829D400CD19FB /* Math */ = {
			isa = PBXGroup;
			children = (
				E26BB0EC22F829FD00CD19FB /* FizzBuzz.cpp */,
				E26BB0ED22F829FD00CD19FB /* FizzBuzz.hpp */,
				E26BB0EF22F82B7A00CD19FB /* PalindromeInteger.cpp */,
				E26BB0F022F82B7A00CD19FB /* PalindromeInteger.hpp */,
				E26BB0FF22F9C2BB00CD19FB /* RearrangeArray.cpp */,
				E26BB10022F9C2BB00CD19FB /* RearrangeArray.hpp */,
				E26BB10222FB76B500CD19FB /* ReverseInteger.cpp */,
				E26BB10322FB76B500CD19FB /* ReverseInteger.hpp */,
				E236B44723013FE700F7EBF1 /* GridUniquePaths.cpp */,
				E236B44823013FE700F7EBF1 /* GridUniquePaths.hpp */,
			);
			path = Math;
			sourceTree = "<group>";
		};
/* End PBXGroup section */

/* Begin PBXNativeTarget section */
		E2442B0422EC329B0087C72F /* Practiсe */ = {
			isa = PBXNativeTarget;
			buildConfigurationList = E2442B0C22EC329B0087C72F /* Build configuration list for PBXNativeTarget "Practiсe" */;
			buildPhases = (
				E2442B0122EC329B0087C72F /* Sources */,
				E2442B0222EC329B0087C72F /* Frameworks */,
				E2442B0322EC329B0087C72F /* CopyFiles */,
			);
			buildRules = (
			);
			dependencies = (
			);
			name = "Practiсe";
			productName = Practise;
			productReference = E2442B0522EC329B0087C72F /* Practiсe */;
			productType = "com.apple.product-type.tool";
		};
/* End PBXNativeTarget section */

/* Begin PBXProject section */
		E2442AFD22EC329B0087C72F /* Project object */ = {
			isa = PBXProject;
			attributes = {
				LastUpgradeCheck = 1020;
				ORGANIZATIONNAME = "Dmytro Shevchyk";
				TargetAttributes = {
					E2442B0422EC329B0087C72F = {
						CreatedOnToolsVersion = 10.2.1;
					};
				};
			};
			buildConfigurationList = E2442B0022EC329B0087C72F /* Build configuration list for PBXProject "Practiсe" */;
			compatibilityVersion = "Xcode 9.3";
			developmentRegion = en;
			hasScannedForEncodings = 0;
			knownRegions = (
				en,
			);
			mainGroup = E2442AFC22EC329B0087C72F;
			productRefGroup = E2442B0622EC329B0087C72F /* Products */;
			projectDirPath = "";
			projectRoot = "";
			targets = (
				E2442B0422EC329B0087C72F /* Practiсe */,
			);
		};
/* End PBXProject section */

/* Begin PBXSourcesBuildPhase section */
		E2442B0122EC329B0087C72F /* Sources */ = {
			isa = PBXSourcesBuildPhase;
			buildActionMask = 2147483647;
			files = (
				E26BB0E722F81E6800CD19FB /* PascalsTriangle2.cpp in Sources */,
				E24B974522EC4B2B00F04627 /* MaxSubArray.cpp in Sources */,
				E236B4422301373500F7EBF1 /* KthSymbolInGrammar.cpp in Sources */,
				E26BB10D22FB801F00CD19FB /* MergeTwoSortedLists.cpp in Sources */,
				E2442B0922EC329B0087C72F /* main.cpp in Sources */,
				E26BB10422FB76B500CD19FB /* ReverseInteger.cpp in Sources */,
				E26BB0F122F82B7A00CD19FB /* PalindromeInteger.cpp in Sources */,
				E26BB0EE22F829FD00CD19FB /* FizzBuzz.cpp in Sources */,
				E26BB10A22FB7D8900CD19FB /* Pow.cpp in Sources */,
				E2442B1822EC40E00087C72F /* SwapPairs.cpp in Sources */,
				E24B974222EC465500F04627 /* RepeatedNumber.cpp in Sources */,
				E26BB0EA22F8258B00CD19FB /* ReverseLinkedList.cpp in Sources */,
				E236B4502303FAEC00F7EBF1 /* SpiralOrderMatrixI.cpp in Sources */,
				E26BB0FE22F9B97600CD19FB /* MAXSPPROD.cpp in Sources */,
				E2442B1322EC348F0087C72F /* ReverseString.cpp in Sources */,
				E236B43F2301316C00F7EBF1 /* UniqueBinarySearchTrees2.cpp in Sources */,
				E26BB0F722F9B36100CD19FB /* ClimbingStairs.cpp in Sources */,
				E253EA3C230A7C5C007DFBE1 /* MergeIntervals.cpp in Sources */,
				E26BB0FA22F9B54300CD19FB /* MaximumDepthOfBinaryTree.cpp in Sources */,
				E236B4532303FBEE00F7EBF1 /* SpiralOrderMatrixII.cpp in Sources */,
				E26BB10722FB78C700CD19FB /* PascalTriangle.cpp in Sources */,
				E236B445230139CE00F7EBF1 /* MergeOverlappingIntervals.cpp in Sources */,
				E26BB0F422F9B0B700CD19FB /* FibonacciNumber.cpp in Sources */,
				E26BB10122F9C2BB00CD19FB /* RearrangeArray.cpp in Sources */,
				E236B44D2303F0D100F7EBF1 /* SortAnArray.cpp in Sources */,
				E236B44923013FE700F7EBF1 /* GridUniquePaths.cpp in Sources */,
			);
			runOnlyForDeploymentPostprocessing = 0;
		};
/* End PBXSourcesBuildPhase section */

/* Begin XCBuildConfiguration section */
		E2442B0A22EC329B0087C72F /* Debug */ = {
			isa = XCBuildConfiguration;
			buildSettings = {
				ALWAYS_SEARCH_USER_PATHS = NO;
				CLANG_ANALYZER_NONNULL = YES;
				CLANG_ANALYZER_NUMBER_OBJECT_CONVERSION = YES_AGGRESSIVE;
				CLANG_CXX_LANGUAGE_STANDARD = "gnu++14";
				CLANG_CXX_LIBRARY = "libc++";
				CLANG_ENABLE_MODULES = YES;
				CLANG_ENABLE_OBJC_ARC = YES;
				CLANG_ENABLE_OBJC_WEAK = YES;
				CLANG_WARN_BLOCK_CAPTURE_AUTORELEASING = YES;
				CLANG_WARN_BOOL_CONVERSION = YES;
				CLANG_WARN_COMMA = YES;
				CLANG_WARN_CONSTANT_CONVERSION = YES;
				CLANG_WARN_DEPRECATED_OBJC_IMPLEMENTATIONS = YES;
				CLANG_WARN_DIRECT_OBJC_ISA_USAGE = YES_ERROR;
				CLANG_WARN_DOCUMENTATION_COMMENTS = YES;
				CLANG_WARN_EMPTY_BODY = YES;
				CLANG_WARN_ENUM_CONVERSION = YES;
				CLANG_WARN_INFINITE_RECURSION = YES;
				CLANG_WARN_INT_CONVERSION = YES;
				CLANG_WARN_NON_LITERAL_NULL_CONVERSION = YES;
				CLANG_WARN_OBJC_IMPLICIT_RETAIN_SELF = YES;
				CLANG_WARN_OBJC_LITERAL_CONVERSION = YES;
				CLANG_WARN_OBJC_ROOT_CLASS = YES_ERROR;
				CLANG_WARN_RANGE_LOOP_ANALYSIS = YES;
				CLANG_WARN_STRICT_PROTOTYPES = YES;
				CLANG_WARN_SUSPICIOUS_MOVE = YES;
				CLANG_WARN_UNGUARDED_AVAILABILITY = YES_AGGRESSIVE;
				CLANG_WARN_UNREACHABLE_CODE = YES;
				CLANG_WARN__DUPLICATE_METHOD_MATCH = YES;
				CODE_SIGN_IDENTITY = "-";
				COPY_PHASE_STRIP = NO;
				DEBUG_INFORMATION_FORMAT = dwarf;
				ENABLE_STRICT_OBJC_MSGSEND = YES;
				ENABLE_TESTABILITY = YES;
				GCC_C_LANGUAGE_STANDARD = gnu11;
				GCC_DYNAMIC_NO_PIC = NO;
				GCC_NO_COMMON_BLOCKS = YES;
				GCC_OPTIMIZATION_LEVEL = 0;
				GCC_PREPROCESSOR_DEFINITIONS = (
					"DEBUG=1",
					"$(inherited)",
				);
				GCC_WARN_64_TO_32_BIT_CONVERSION = YES;
				GCC_WARN_ABOUT_RETURN_TYPE = YES_ERROR;
				GCC_WARN_UNDECLARED_SELECTOR = YES;
				GCC_WARN_UNINITIALIZED_AUTOS = YES_AGGRESSIVE;
				GCC_WARN_UNUSED_FUNCTION = YES;
				GCC_WARN_UNUSED_VARIABLE = YES;
				HEADER_SEARCH_PATHS = $PROJECT_DIR/Practice/common;
				MACOSX_DEPLOYMENT_TARGET = 10.14;
				MTL_ENABLE_DEBUG_INFO = INCLUDE_SOURCE;
				MTL_FAST_MATH = YES;
				ONLY_ACTIVE_ARCH = YES;
				SDKROOT = macosx;
				USER_HEADER_SEARCH_PATHS = $PROJECT_DIR/Practice/common;
				USE_HEADERMAP = NO;
			};
			name = Debug;
		};
		E2442B0B22EC329B0087C72F /* Release */ = {
			isa = XCBuildConfiguration;
			buildSettings = {
				ALWAYS_SEARCH_USER_PATHS = NO;
				CLANG_ANALYZER_NONNULL = YES;
				CLANG_ANALYZER_NUMBER_OBJECT_CONVERSION = YES_AGGRESSIVE;
				CLANG_CXX_LANGUAGE_STANDARD = "gnu++14";
				CLANG_CXX_LIBRARY = "libc++";
				CLANG_ENABLE_MODULES = YES;
				CLANG_ENABLE_OBJC_ARC = YES;
				CLANG_ENABLE_OBJC_WEAK = YES;
				CLANG_WARN_BLOCK_CAPTURE_AUTORELEASING = YES;
				CLANG_WARN_BOOL_CONVERSION = YES;
				CLANG_WARN_COMMA = YES;
				CLANG_WARN_CONSTANT_CONVERSION = YES;
				CLANG_WARN_DEPRECATED_OBJC_IMPLEMENTATIONS = YES;
				CLANG_WARN_DIRECT_OBJC_ISA_USAGE = YES_ERROR;
				CLANG_WARN_DOCUMENTATION_COMMENTS = YES;
				CLANG_WARN_EMPTY_BODY = YES;
				CLANG_WARN_ENUM_CONVERSION = YES;
				CLANG_WARN_INFINITE_RECURSION = YES;
				CLANG_WARN_INT_CONVERSION = YES;
				CLANG_WARN_NON_LITERAL_NULL_CONVERSION = YES;
				CLANG_WARN_OBJC_IMPLICIT_RETAIN_SELF = YES;
				CLANG_WARN_OBJC_LITERAL_CONVERSION = YES;
				CLANG_WARN_OBJC_ROOT_CLASS = YES_ERROR;
				CLANG_WARN_RANGE_LOOP_ANALYSIS = YES;
				CLANG_WARN_STRICT_PROTOTYPES = YES;
				CLANG_WARN_SUSPICIOUS_MOVE = YES;
				CLANG_WARN_UNGUARDED_AVAILABILITY = YES_AGGRESSIVE;
				CLANG_WARN_UNREACHABLE_CODE = YES;
				CLANG_WARN__DUPLICATE_METHOD_MATCH = YES;
				CODE_SIGN_IDENTITY = "-";
				COPY_PHASE_STRIP = NO;
				DEBUG_INFORMATION_FORMAT = "dwarf-with-dsym";
				ENABLE_NS_ASSERTIONS = NO;
				ENABLE_STRICT_OBJC_MSGSEND = YES;
				GCC_C_LANGUAGE_STANDARD = gnu11;
				GCC_NO_COMMON_BLOCKS = YES;
				GCC_WARN_64_TO_32_BIT_CONVERSION = YES;
				GCC_WARN_ABOUT_RETURN_TYPE = YES_ERROR;
				GCC_WARN_UNDECLARED_SELECTOR = YES;
				GCC_WARN_UNINITIALIZED_AUTOS = YES_AGGRESSIVE;
				GCC_WARN_UNUSED_FUNCTION = YES;
				GCC_WARN_UNUSED_VARIABLE = YES;
				HEADER_SEARCH_PATHS = $PROJECT_DIR/Practice/common;
				MACOSX_DEPLOYMENT_TARGET = 10.14;
				MTL_ENABLE_DEBUG_INFO = NO;
				MTL_FAST_MATH = YES;
				SDKROOT = macosx;
				USER_HEADER_SEARCH_PATHS = $PROJECT_DIR/Practice/common;
				USE_HEADERMAP = NO;
			};
			name = Release;
		};
		E2442B0D22EC329B0087C72F /* Debug */ = {
			isa = XCBuildConfiguration;
			buildSettings = {
				ALWAYS_SEARCH_USER_PATHS = NO;
				CODE_SIGN_STYLE = Automatic;
				HEADER_SEARCH_PATHS = $PROJECT_DIR/Practice/common;
				LIBRARY_SEARCH_PATHS = $PROJECT_DIR/Practice/libs;
				PRODUCT_NAME = "$(TARGET_NAME)";
				USER_HEADER_SEARCH_PATHS = $PROJECT_DIR/Practice/common;
			};
			name = Debug;
		};
		E2442B0E22EC329B0087C72F /* Release */ = {
			isa = XCBuildConfiguration;
			buildSettings = {
				ALWAYS_SEARCH_USER_PATHS = NO;
				CODE_SIGN_STYLE = Automatic;
				HEADER_SEARCH_PATHS = $PROJECT_DIR/Practice/common;
				LIBRARY_SEARCH_PATHS = $PROJECT_DIR/Practice/libs;
				PRODUCT_NAME = "$(TARGET_NAME)";
				USER_HEADER_SEARCH_PATHS = $PROJECT_DIR/Practice/common;
			};
			name = Release;
		};
/* End XCBuildConfiguration section */

/* Begin XCConfigurationList section */
		E2442B0022EC329B0087C72F /* Build configuration list for PBXProject "Practiсe" */ = {
			isa = XCConfigurationList;
			buildConfigurations = (
				E2442B0A22EC329B0087C72F /* Debug */,
				E2442B0B22EC329B0087C72F /* Release */,
			);
			defaultConfigurationIsVisible = 0;
			defaultConfigurationName = Release;
		};
		E2442B0C22EC329B0087C72F /* Build configuration list for PBXNativeTarget "Practiсe" */ = {
			isa = XCConfigurationList;
			buildConfigurations = (
				E2442B0D22EC329B0087C72F /* Debug */,
				E2442B0E22EC329B0087C72F /* Release */,
			);
			defaultConfigurationIsVisible = 0;
			defaultConfigurationName = Release;
		};
/* End XCConfigurationList section */
	};
	rootObject = E2442AFD22EC329B0087C72F /* Project object */;
}
